// !$*UTF8*$!
{
	archiveVersion = 1;
	classes = {
	};
	objectVersion = 50;
	objects = {

/* Begin PBXBuildFile section */
		91AEF5DB210186DA00A800F0 /* SSFMainTabBarViewController.swift in Sources */ = {isa = PBXBuildFile; fileRef = 91AEF5DA210186DA00A800F0 /* SSFMainTabBarViewController.swift */; };
		91AEF5DD2101871D00A800F0 /* SSFPlanViewController.swift in Sources */ = {isa = PBXBuildFile; fileRef = 91AEF5DC2101871D00A800F0 /* SSFPlanViewController.swift */; };
		91AEF5E921018E7B00A800F0 /* Constant.swift in Sources */ = {isa = PBXBuildFile; fileRef = 91AEF5E021018E7B00A800F0 /* Constant.swift */; };
		91AEF5EA21018E7B00A800F0 /* NetWorkResource.swift in Sources */ = {isa = PBXBuildFile; fileRef = 91AEF5E121018E7B00A800F0 /* NetWorkResource.swift */; };
		91AEF5EB21018E7B00A800F0 /* ScreenShot.swift in Sources */ = {isa = PBXBuildFile; fileRef = 91AEF5E321018E7B00A800F0 /* ScreenShot.swift */; };
		91AEF5EC21018E7B00A800F0 /* DirectoryPath.swift in Sources */ = {isa = PBXBuildFile; fileRef = 91AEF5E421018E7B00A800F0 /* DirectoryPath.swift */; };
		91AEF5ED21018E7B00A800F0 /* FIFOQueue.swift in Sources */ = {isa = PBXBuildFile; fileRef = 91AEF5E521018E7B00A800F0 /* FIFOQueue.swift */; };
		91AEF5EE21018E7B00A800F0 /* SwiftNotice.swift in Sources */ = {isa = PBXBuildFile; fileRef = 91AEF5E621018E7B00A800F0 /* SwiftNotice.swift */; };
		91AEF5EF21018E7B00A800F0 /* Utility.swift in Sources */ = {isa = PBXBuildFile; fileRef = 91AEF5E721018E7B00A800F0 /* Utility.swift */; };
		91AEF5F021018E7B00A800F0 /* ResultDescription.swift in Sources */ = {isa = PBXBuildFile; fileRef = 91AEF5E821018E7B00A800F0 /* ResultDescription.swift */; };
		91AEF5F32101B6C200A800F0 /* PlanTableViewCell.swift in Sources */ = {isa = PBXBuildFile; fileRef = 91AEF5F22101B6C200A800F0 /* PlanTableViewCell.swift */; };
		91AEF5F72101C73C00A800F0 /* PlanHeaderFooterView.swift in Sources */ = {isa = PBXBuildFile; fileRef = 91AEF5F62101C73C00A800F0 /* PlanHeaderFooterView.swift */; };
		91D70E9F20FDD9B800359571 /* AppDelegate.swift in Sources */ = {isa = PBXBuildFile; fileRef = 91D70E9E20FDD9B800359571 /* AppDelegate.swift */; };
		91D70EA420FDD9B800359571 /* Main.storyboard in Resources */ = {isa = PBXBuildFile; fileRef = 91D70EA220FDD9B800359571 /* Main.storyboard */; };
		91D70EA620FDD9BB00359571 /* Assets.xcassets in Resources */ = {isa = PBXBuildFile; fileRef = 91D70EA520FDD9BB00359571 /* Assets.xcassets */; };
		91D70EA920FDD9BB00359571 /* LaunchScreen.storyboard in Resources */ = {isa = PBXBuildFile; fileRef = 91D70EA720FDD9BB00359571 /* LaunchScreen.storyboard */; };
/* End PBXBuildFile section */

/* Begin PBXFileReference section */
		91AEF5DA210186DA00A800F0 /* SSFMainTabBarViewController.swift */ = {isa = PBXFileReference; lastKnownFileType = sourcecode.swift; path = SSFMainTabBarViewController.swift; sourceTree = "<group>"; };
		91AEF5DC2101871D00A800F0 /* SSFPlanViewController.swift */ = {isa = PBXFileReference; lastKnownFileType = sourcecode.swift; path = SSFPlanViewController.swift; sourceTree = "<group>"; };
		91AEF5E021018E7B00A800F0 /* Constant.swift */ = {isa = PBXFileReference; fileEncoding = 4; lastKnownFileType = sourcecode.swift; path = Constant.swift; sourceTree = "<group>"; };
		91AEF5E121018E7B00A800F0 /* NetWorkResource.swift */ = {isa = PBXFileReference; fileEncoding = 4; lastKnownFileType = sourcecode.swift; path = NetWorkResource.swift; sourceTree = "<group>"; };
		91AEF5E321018E7B00A800F0 /* ScreenShot.swift */ = {isa = PBXFileReference; fileEncoding = 4; lastKnownFileType = sourcecode.swift; path = ScreenShot.swift; sourceTree = "<group>"; };
		91AEF5E421018E7B00A800F0 /* DirectoryPath.swift */ = {isa = PBXFileReference; fileEncoding = 4; lastKnownFileType = sourcecode.swift; path = DirectoryPath.swift; sourceTree = "<group>"; };
		91AEF5E521018E7B00A800F0 /* FIFOQueue.swift */ = {isa = PBXFileReference; fileEncoding = 4; lastKnownFileType = sourcecode.swift; path = FIFOQueue.swift; sourceTree = "<group>"; };
		91AEF5E621018E7B00A800F0 /* SwiftNotice.swift */ = {isa = PBXFileReference; fileEncoding = 4; lastKnownFileType = sourcecode.swift; path = SwiftNotice.swift; sourceTree = "<group>"; };
		91AEF5E721018E7B00A800F0 /* Utility.swift */ = {isa = PBXFileReference; fileEncoding = 4; lastKnownFileType = sourcecode.swift; path = Utility.swift; sourceTree = "<group>"; };
		91AEF5E821018E7B00A800F0 /* ResultDescription.swift */ = {isa = PBXFileReference; fileEncoding = 4; lastKnownFileType = sourcecode.swift; path = ResultDescription.swift; sourceTree = "<group>"; };
		91AEF5F121018F5100A800F0 /* 1to99-Bridging-Header.h */ = {isa = PBXFileReference; lastKnownFileType = sourcecode.c.h; path = "1to99-Bridging-Header.h"; sourceTree = "<group>"; };
		91AEF5F22101B6C200A800F0 /* PlanTableViewCell.swift */ = {isa = PBXFileReference; lastKnownFileType = sourcecode.swift; path = PlanTableViewCell.swift; sourceTree = "<group>"; };
		91AEF5F62101C73C00A800F0 /* PlanHeaderFooterView.swift */ = {isa = PBXFileReference; lastKnownFileType = sourcecode.swift; path = PlanHeaderFooterView.swift; sourceTree = "<group>"; };
		91D70E9B20FDD9B800359571 /* 1to99.app */ = {isa = PBXFileReference; explicitFileType = wrapper.application; includeInIndex = 0; path = 1to99.app; sourceTree = BUILT_PRODUCTS_DIR; };
		91D70E9E20FDD9B800359571 /* AppDelegate.swift */ = {isa = PBXFileReference; lastKnownFileType = sourcecode.swift; path = AppDelegate.swift; sourceTree = "<group>"; };
		91D70EA320FDD9B800359571 /* Base */ = {isa = PBXFileReference; lastKnownFileType = file.storyboard; name = Base; path = Base.lproj/Main.storyboard; sourceTree = "<group>"; };
		91D70EA520FDD9BB00359571 /* Assets.xcassets */ = {isa = PBXFileReference; lastKnownFileType = folder.assetcatalog; path = Assets.xcassets; sourceTree = "<group>"; };
		91D70EA820FDD9BB00359571 /* Base */ = {isa = PBXFileReference; lastKnownFileType = file.storyboard; name = Base; path = Base.lproj/LaunchScreen.storyboard; sourceTree = "<group>"; };
		91D70EAA20FDD9BB00359571 /* Info.plist */ = {isa = PBXFileReference; lastKnownFileType = text.plist.xml; path = Info.plist; sourceTree = "<group>"; };
/* End PBXFileReference section */

/* Begin PBXFrameworksBuildPhase section */
		91D70E9820FDD9B800359571 /* Frameworks */ = {
			isa = PBXFrameworksBuildPhase;
			buildActionMask = 2147483647;
			files = (
			);
			runOnlyForDeploymentPostprocessing = 0;
		};
/* End PBXFrameworksBuildPhase section */

/* Begin PBXGroup section */
		91AEF5DE21018E6600A800F0 /* Main */ = {
			isa = PBXGroup;
			children = (
				91AEF5DA210186DA00A800F0 /* SSFMainTabBarViewController.swift */,
				91AEF5DC2101871D00A800F0 /* SSFPlanViewController.swift */,
				91AEF5F22101B6C200A800F0 /* PlanTableViewCell.swift */,
				91AEF5F62101C73C00A800F0 /* PlanHeaderFooterView.swift */,
			);
			path = Main;
			sourceTree = "<group>";
		};
		91AEF5DF21018E7B00A800F0 /* Expand */ = {
			isa = PBXGroup;
			children = (
				91AEF5E021018E7B00A800F0 /* Constant.swift */,
				91AEF5E121018E7B00A800F0 /* NetWorkResource.swift */,
				91AEF5E221018E7B00A800F0 /* Utility */,
			);
			path = Expand;
			sourceTree = "<group>";
		};
		91AEF5E221018E7B00A800F0 /* Utility */ = {
			isa = PBXGroup;
			children = (
				91AEF5E721018E7B00A800F0 /* Utility.swift */,
				91AEF5E321018E7B00A800F0 /* ScreenShot.swift */,
				91AEF5E421018E7B00A800F0 /* DirectoryPath.swift */,
				91AEF5E521018E7B00A800F0 /* FIFOQueue.swift */,
				91AEF5E621018E7B00A800F0 /* SwiftNotice.swift */,
				91AEF5E821018E7B00A800F0 /* ResultDescription.swift */,
			);
			path = Utility;
			sourceTree = "<group>";
		};
		91D70E9220FDD9B800359571 = {
			isa = PBXGroup;
			children = (
				91D70E9D20FDD9B800359571 /* 1to99 */,
				91D70E9C20FDD9B800359571 /* Products */,
			);
			sourceTree = "<group>";
		};
		91D70E9C20FDD9B800359571 /* Products */ = {
			isa = PBXGroup;
			children = (
				91D70E9B20FDD9B800359571 /* 1to99.app */,
			);
			name = Products;
			sourceTree = "<group>";
		};
		91D70E9D20FDD9B800359571 /* 1to99 */ = {
			isa = PBXGroup;
			children = (
				91D70EA220FDD9B800359571 /* Main.storyboard */,
				91AEF5DE21018E6600A800F0 /* Main */,
				91AEF5DF21018E7B00A800F0 /* Expand */,
				91D70EB020FDDA0700359571 /* Supportting */,
			);
			path = 1to99;
			sourceTree = "<group>";
		};
		91D70EB020FDDA0700359571 /* Supportting */ = {
			isa = PBXGroup;
			children = (
				91D70EA520FDD9BB00359571 /* Assets.xcassets */,
				91D70E9E20FDD9B800359571 /* AppDelegate.swift */,
				91D70EA720FDD9BB00359571 /* LaunchScreen.storyboard */,
				91D70EAA20FDD9BB00359571 /* Info.plist */,
				91AEF5F121018F5100A800F0 /* 1to99-Bridging-Header.h */,
			);
			path = Supportting;
			sourceTree = "<group>";
		};
/* End PBXGroup section */

/* Begin PBXNativeTarget section */
		91D70E9A20FDD9B800359571 /* 1to99 */ = {
			isa = PBXNativeTarget;
			buildConfigurationList = 91D70EAD20FDD9BB00359571 /* Build configuration list for PBXNativeTarget "1to99" */;
			buildPhases = (
				91D70E9720FDD9B800359571 /* Sources */,
				91D70E9820FDD9B800359571 /* Frameworks */,
				91D70E9920FDD9B800359571 /* Resources */,
			);
			buildRules = (
			);
			dependencies = (
			);
			name = 1to99;
			productName = 1to99;
			productReference = 91D70E9B20FDD9B800359571 /* 1to99.app */;
			productType = "com.apple.product-type.application";
		};
/* End PBXNativeTarget section */

/* Begin PBXProject section */
		91D70E9320FDD9B800359571 /* Project object */ = {
			isa = PBXProject;
			attributes = {
				LastSwiftUpdateCheck = 0940;
				LastUpgradeCheck = 0940;
				ORGANIZATIONNAME = "PETER SHI";
				TargetAttributes = {
					91D70E9A20FDD9B800359571 = {
						CreatedOnToolsVersion = 9.4.1;
					};
				};
			};
			buildConfigurationList = 91D70E9620FDD9B800359571 /* Build configuration list for PBXProject "1to99" */;
			compatibilityVersion = "Xcode 9.3";
			developmentRegion = en;
			hasScannedForEncodings = 0;
			knownRegions = (
				en,
				Base,
			);
			mainGroup = 91D70E9220FDD9B800359571;
			productRefGroup = 91D70E9C20FDD9B800359571 /* Products */;
			projectDirPath = "";
			projectRoot = "";
			targets = (
				91D70E9A20FDD9B800359571 /* 1to99 */,
			);
		};
/* End PBXProject section */

/* Begin PBXResourcesBuildPhase section */
		91D70E9920FDD9B800359571 /* Resources */ = {
			isa = PBXResourcesBuildPhase;
			buildActionMask = 2147483647;
			files = (
				91D70EA920FDD9BB00359571 /* LaunchScreen.storyboard in Resources */,
				91D70EA620FDD9BB00359571 /* Assets.xcassets in Resources */,
				91D70EA420FDD9B800359571 /* Main.storyboard in Resources */,
			);
			runOnlyForDeploymentPostprocessing = 0;
		};
/* End PBXResourcesBuildPhase section */

/* Begin PBXSourcesBuildPhase section */
		91D70E9720FDD9B800359571 /* Sources */ = {
			isa = PBXSourcesBuildPhase;
			buildActionMask = 2147483647;
			files = (
				91AEF5EF21018E7B00A800F0 /* Utility.swift in Sources */,
				91AEF5EC21018E7B00A800F0 /* DirectoryPath.swift in Sources */,
				91AEF5DB210186DA00A800F0 /* SSFMainTabBarViewController.swift in Sources */,
				91AEF5F72101C73C00A800F0 /* PlanHeaderFooterView.swift in Sources */,
				91AEF5EB21018E7B00A800F0 /* ScreenShot.swift in Sources */,
				91AEF5F32101B6C200A800F0 /* PlanTableViewCell.swift in Sources */,
				91AEF5ED21018E7B00A800F0 /* FIFOQueue.swift in Sources */,
				91AEF5DD2101871D00A800F0 /* SSFPlanViewController.swift in Sources */,
				91D70E9F20FDD9B800359571 /* AppDelegate.swift in Sources */,
				91AEF5EE21018E7B00A800F0 /* SwiftNotice.swift in Sources */,
				91AEF5E921018E7B00A800F0 /* Constant.swift in Sources */,
				91AEF5F021018E7B00A800F0 /* ResultDescription.swift in Sources */,
				91AEF5EA21018E7B00A800F0 /* NetWorkResource.swift in Sources */,
			);
			runOnlyForDeploymentPostprocessing = 0;
		};
/* End PBXSourcesBuildPhase section */

/* Begin PBXVariantGroup section */
		91D70EA220FDD9B800359571 /* Main.storyboard */ = {
			isa = PBXVariantGroup;
			children = (
				91D70EA320FDD9B800359571 /* Base */,
			);
			name = Main.storyboard;
			sourceTree = "<group>";
		};
		91D70EA720FDD9BB00359571 /* LaunchScreen.storyboard */ = {
			isa = PBXVariantGroup;
			children = (
				91D70EA820FDD9BB00359571 /* Base */,
			);
			name = LaunchScreen.storyboard;
			sourceTree = "<group>";
		};
/* End PBXVariantGroup section */

/* Begin XCBuildConfiguration section */
		91D70EAB20FDD9BB00359571 /* Debug */ = {
			isa = XCBuildConfiguration;
			buildSettings = {
				ALWAYS_SEARCH_USER_PATHS = NO;
				CLANG_ANALYZER_NONNULL = YES;
				CLANG_ANALYZER_NUMBER_OBJECT_CONVERSION = YES_AGGRESSIVE;
				CLANG_CXX_LANGUAGE_STANDARD = "gnu++14";
				CLANG_CXX_LIBRARY = "libc++";
				CLANG_ENABLE_MODULES = YES;
				CLANG_ENABLE_OBJC_ARC = YES;
				CLANG_ENABLE_OBJC_WEAK = YES;
				CLANG_WARN_BLOCK_CAPTURE_AUTORELEASING = YES;
				CLANG_WARN_BOOL_CONVERSION = YES;
				CLANG_WARN_COMMA = YES;
				CLANG_WARN_CONSTANT_CONVERSION = YES;
				CLANG_WARN_DEPRECATED_OBJC_IMPLEMENTATIONS = YES;
				CLANG_WARN_DIRECT_OBJC_ISA_USAGE = YES_ERROR;
				CLANG_WARN_DOCUMENTATION_COMMENTS = YES;
				CLANG_WARN_EMPTY_BODY = YES;
				CLANG_WARN_ENUM_CONVERSION = YES;
				CLANG_WARN_INFINITE_RECURSION = YES;
				CLANG_WARN_INT_CONVERSION = YES;
				CLANG_WARN_NON_LITERAL_NULL_CONVERSION = YES;
				CLANG_WARN_OBJC_IMPLICIT_RETAIN_SELF = YES;
				CLANG_WARN_OBJC_LITERAL_CONVERSION = YES;
				CLANG_WARN_OBJC_ROOT_CLASS = YES_ERROR;
				CLANG_WARN_RANGE_LOOP_ANALYSIS = YES;
				CLANG_WARN_STRICT_PROTOTYPES = YES;
				CLANG_WARN_SUSPICIOUS_MOVE = YES;
				CLANG_WARN_UNGUARDED_AVAILABILITY = YES_AGGRESSIVE;
				CLANG_WARN_UNREACHABLE_CODE = YES;
				CLANG_WARN__DUPLICATE_METHOD_MATCH = YES;
				CODE_SIGN_IDENTITY = "iPhone Developer";
				COPY_PHASE_STRIP = NO;
				DEBUG_INFORMATION_FORMAT = dwarf;
				ENABLE_STRICT_OBJC_MSGSEND = YES;
				ENABLE_TESTABILITY = YES;
				GCC_C_LANGUAGE_STANDARD = gnu11;
				GCC_DYNAMIC_NO_PIC = NO;
				GCC_NO_COMMON_BLOCKS = YES;
				GCC_OPTIMIZATION_LEVEL = 0;
				GCC_PREPROCESSOR_DEFINITIONS = (
					"DEBUG=1",
					"$(inherited)",
				);
				GCC_WARN_64_TO_32_BIT_CONVERSION = YES;
				GCC_WARN_ABOUT_RETURN_TYPE = YES_ERROR;
				GCC_WARN_UNDECLARED_SELECTOR = YES;
				GCC_WARN_UNINITIALIZED_AUTOS = YES_AGGRESSIVE;
				GCC_WARN_UNUSED_FUNCTION = YES;
				GCC_WARN_UNUSED_VARIABLE = YES;
				IPHONEOS_DEPLOYMENT_TARGET = 11.0;
				MTL_ENABLE_DEBUG_INFO = YES;
				ONLY_ACTIVE_ARCH = YES;
				SDKROOT = iphoneos;
				SWIFT_ACTIVE_COMPILATION_CONDITIONS = DEBUG;
				SWIFT_OPTIMIZATION_LEVEL = "-Onone";
			};
			name = Debug;
		};
		91D70EAC20FDD9BB00359571 /* Release */ = {
			isa = XCBuildConfiguration;
			buildSettings = {
				ALWAYS_SEARCH_USER_PATHS = NO;
				CLANG_ANALYZER_NONNULL = YES;
				CLANG_ANALYZER_NUMBER_OBJECT_CONVERSION = YES_AGGRESSIVE;
				CLANG_CXX_LANGUAGE_STANDARD = "gnu++14";
				CLANG_CXX_LIBRARY = "libc++";
				CLANG_ENABLE_MODULES = YES;
				CLANG_ENABLE_OBJC_ARC = YES;
				CLANG_ENABLE_OBJC_WEAK = YES;
				CLANG_WARN_BLOCK_CAPTURE_AUTORELEASING = YES;
				CLANG_WARN_BOOL_CONVERSION = YES;
				CLANG_WARN_COMMA = YES;
				CLANG_WARN_CONSTANT_CONVERSION = YES;
				CLANG_WARN_DEPRECATED_OBJC_IMPLEMENTATIONS = YES;
				CLANG_WARN_DIRECT_OBJC_ISA_USAGE = YES_ERROR;
				CLANG_WARN_DOCUMENTATION_COMMENTS = YES;
				CLANG_WARN_EMPTY_BODY = YES;
				CLANG_WARN_ENUM_CONVERSION = YES;
				CLANG_WARN_INFINITE_RECURSION = YES;
				CLANG_WARN_INT_CONVERSION = YES;
				CLANG_WARN_NON_LITERAL_NULL_CONVERSION = YES;
				CLANG_WARN_OBJC_IMPLICIT_RETAIN_SELF = YES;
				CLANG_WARN_OBJC_LITERAL_CONVERSION = YES;
				CLANG_WARN_OBJC_ROOT_CLASS = YES_ERROR;
				CLANG_WARN_RANGE_LOOP_ANALYSIS = YES;
				CLANG_WARN_STRICT_PROTOTYPES = YES;
				CLANG_WARN_SUSPICIOUS_MOVE = YES;
				CLANG_WARN_UNGUARDED_AVAILABILITY = YES_AGGRESSIVE;
				CLANG_WARN_UNREACHABLE_CODE = YES;
				CLANG_WARN__DUPLICATE_METHOD_MATCH = YES;
				CODE_SIGN_IDENTITY = "iPhone Developer";
				COPY_PHASE_STRIP = NO;
				DEBUG_INFORMATION_FORMAT = "dwarf-with-dsym";
				ENABLE_NS_ASSERTIONS = NO;
				ENABLE_STRICT_OBJC_MSGSEND = YES;
				GCC_C_LANGUAGE_STANDARD = gnu11;
				GCC_NO_COMMON_BLOCKS = YES;
				GCC_WARN_64_TO_32_BIT_CONVERSION = YES;
				GCC_WARN_ABOUT_RETURN_TYPE = YES_ERROR;
				GCC_WARN_UNDECLARED_SELECTOR = YES;
				GCC_WARN_UNINITIALIZED_AUTOS = YES_AGGRESSIVE;
				GCC_WARN_UNUSED_FUNCTION = YES;
				GCC_WARN_UNUSED_VARIABLE = YES;
				IPHONEOS_DEPLOYMENT_TARGET = 11.0;
				MTL_ENABLE_DEBUG_INFO = NO;
				SDKROOT = iphoneos;
				SWIFT_COMPILATION_MODE = wholemodule;
				SWIFT_OPTIMIZATION_LEVEL = "-O";
				VALIDATE_PRODUCT = YES;
			};
			name = Release;
		};
		91D70EAE20FDD9BB00359571 /* Debug */ = {
			isa = XCBuildConfiguration;
			buildSettings = {
				ASSETCATALOG_COMPILER_APPICON_NAME = AppIcon;
				CODE_SIGN_STYLE = Automatic;
				DEVELOPMENT_TEAM = MYUZ5TW9JQ;
				INFOPLIST_FILE = "$(SRCROOT)/1to99/Supportting/Info.plist";
				IPHONEOS_DEPLOYMENT_TARGET = 11.0;
				LD_RUNPATH_SEARCH_PATHS = (
					"$(inherited)",
					"@executable_path/Frameworks",
				);
				PRODUCT_BUNDLE_IDENTIFIER = com.ssf.1to99;
				PRODUCT_NAME = "$(TARGET_NAME)";
				SWIFT_OBJC_BRIDGING_HEADER = "$(SRCROOT)/1to99/Supportting/1to99-Bridging-Header.h";
				SWIFT_VERSION = 4.0;
				TARGETED_DEVICE_FAMILY = "1,2";
			};
			name = Debug;
		};
		91D70EAF20FDD9BB00359571 /* Release */ = {
			isa = XCBuildConfiguration;
			buildSettings = {
				ASSETCATALOG_COMPILER_APPICON_NAME = AppIcon;
				CODE_SIGN_STYLE = Automatic;
				DEVELOPMENT_TEAM = MYUZ5TW9JQ;
				INFOPLIST_FILE = "$(SRCROOT)/1to99/Supportting/Info.plist";
				IPHONEOS_DEPLOYMENT_TARGET = 11.0;
				LD_RUNPATH_SEARCH_PATHS = (
					"$(inherited)",
					"@executable_path/Frameworks",
				);
				PRODUCT_BUNDLE_IDENTIFIER = com.ssf.1to99;
				PRODUCT_NAME = "$(TARGET_NAME)";
				SWIFT_OBJC_BRIDGING_HEADER = "$(SRCROOT)/1to99/Supportting/1to99-Bridging-Header.h";
				SWIFT_VERSION = 4.0;
				TARGETED_DEVICE_FAMILY = "1,2";
			};
			name = Release;
		};
/* End XCBuildConfiguration section */

/* Begin XCConfigurationList section */
		91D70E9620FDD9B800359571 /* Build configuration list for PBXProject "1to99" */ = {
			isa = XCConfigurationList;
			buildConfigurations = (
				91D70EAB20FDD9BB00359571 /* Debug */,
				91D70EAC20FDD9BB00359571 /* Release */,
			);
			defaultConfigurationIsVisible = 0;
			defaultConfigurationName = Release;
		};
		91D70EAD20FDD9BB00359571 /* Build configuration list for PBXNativeTarget "1to99" */ = {
			isa = XCConfigurationList;
			buildConfigurations = (
				91D70EAE20FDD9BB00359571 /* Debug */,
				91D70EAF20FDD9BB00359571 /* Release */,
			);
			defaultConfigurationIsVisible = 0;
			defaultConfigurationName = Release;
		};
/* End XCConfigurationList section */
	};
	rootObject = 91D70E9320FDD9B800359571 /* Project object */;
}
